
Microsoft Visual Studio Solution File, Format Version 12.00
# Visual Studio Version 16
VisualStudioVersion = 16.0.30114.105
MinimumVisualStudioVersion = 10.0.40219.1
Project("{FAE04EC0-301F-11D3-BF4B-00C04F79EFBC}") = "Finbourne.Notifications.Sdk.Extensions", "Finbourne.Notifications.Sdk.Extensions\Finbourne.Notifications.Sdk.Extensions.csproj", "{D288BA4F-9DE8-476A-B20A-102933BA04C9}"
EndProject
Project("{FAE04EC0-301F-11D3-BF4B-00C04F79EFBC}") = "Finbourne.Notifications.Sdk.Extensions.Tests", "Finbourne.Notifications.Sdk.Extensions.Tests\Finbourne.Notifications.Sdk.Extensions.Tests.csproj", "{ED0F1A24-FD0E-4F6E-B6C2-B5741AF3E266}"
EndProject
Project("{FAE04EC0-301F-11D3-BF4B-00C04F79EFBC}") = "Finbourne.Notifications.Sdk.Extensions.Tutorials", "Finbourne.Notifications.Sdk.Extensions.Tutorials\Finbourne.Notifications.Sdk.Extensions.Tutorials.csproj", "{3DD2AC12-3E3B-48FD-A0DA-A72C49E993A8}"
EndProject
Global
	GlobalSection(SolutionConfigurationPlatforms) = preSolution
		Debug|Any CPU = Debug|Any CPU
		Release|Any CPU = Release|Any CPU
	EndGlobalSection
	GlobalSection(SolutionProperties) = preSolution
		HideSolutionNode = FALSE
	EndGlobalSection
	GlobalSection(ProjectConfigurationPlatforms) = postSolution
		{D288BA4F-9DE8-476A-B20A-102933BA04C9}.Debug|Any CPU.ActiveCfg = Debug|Any CPU
		{D288BA4F-9DE8-476A-B20A-102933BA04C9}.Debug|Any CPU.Build.0 = Debug|Any CPU
		{D288BA4F-9DE8-476A-B20A-102933BA04C9}.Release|Any CPU.ActiveCfg = Release|Any CPU
		{D288BA4F-9DE8-476A-B20A-102933BA04C9}.Release|Any CPU.Build.0 = Release|Any CPU
		{ED0F1A24-FD0E-4F6E-B6C2-B5741AF3E266}.Debug|Any CPU.ActiveCfg = Debug|Any CPU
		{ED0F1A24-FD0E-4F6E-B6C2-B5741AF3E266}.Debug|Any CPU.Build.0 = Debug|Any CPU
		{ED0F1A24-FD0E-4F6E-B6C2-B5741AF3E266}.Release|Any CPU.ActiveCfg = Release|Any CPU
		{ED0F1A24-FD0E-4F6E-B6C2-B5741AF3E266}.Release|Any CPU.Build.0 = Release|Any CPU
		{3DD2AC12-3E3B-48FD-A0DA-A72C49E993A8}.Debug|Any CPU.ActiveCfg = Debug|Any CPU
		{3DD2AC12-3E3B-48FD-A0DA-A72C49E993A8}.Debug|Any CPU.Build.0 = Debug|Any CPU
		{3DD2AC12-3E3B-48FD-A0DA-A72C49E993A8}.Release|Any CPU.ActiveCfg = Release|Any CPU
		{3DD2AC12-3E3B-48FD-A0DA-A72C49E993A8}.Release|Any CPU.Build.0 = Release|Any CPU
	EndGlobalSection
EndGlobal
